// !$*UTF8*$!
{
	archiveVersion = 1;
	classes = {
	};
	objectVersion = 56;
	objects = {

/* Begin PBXBuildFile section */
		DA056D0B2BCD2FBC00EBE5C2 /* PaletteStoreStore.swift in Sources */ = {isa = PBXBuildFile; fileRef = DA056D0A2BCD2FBC00EBE5C2 /* PaletteStoreStore.swift */; };
		DA0AA0DA2BA9C62E00C03F91 /* EmojiArt.swift in Sources */ = {isa = PBXBuildFile; fileRef = DA0AA0D92BA9C62E00C03F91 /* EmojiArt.swift */; };
		DA98A0722BC55A6B00CF00BB /* PaletteEditor.swift in Sources */ = {isa = PBXBuildFile; fileRef = DA98A0712BC55A6B00CF00BB /* PaletteEditor.swift */; };
		DA9B99882BAA6F140081F1DC /* Extension.swift in Sources */ = {isa = PBXBuildFile; fileRef = DA9B99872BAA6F140081F1DC /* Extension.swift */; };
		DA9B998A2BAB15CF0081F1DC /* Palette.swift in Sources */ = {isa = PBXBuildFile; fileRef = DA9B99892BAB15CF0081F1DC /* Palette.swift */; };
		DA9B998C2BAB16650081F1DC /* PaletteStore.swift in Sources */ = {isa = PBXBuildFile; fileRef = DA9B998B2BAB16650081F1DC /* PaletteStore.swift */; };
		DA9B998E2BAB173A0081F1DC /* PaletteChooser.swift in Sources */ = {isa = PBXBuildFile; fileRef = DA9B998D2BAB173A0081F1DC /* PaletteChooser.swift */; };
		DAC51C482BC61FD5000ED79D /* PaletteList.swift in Sources */ = {isa = PBXBuildFile; fileRef = DAC51C472BC61FD5000ED79D /* PaletteList.swift */; };
		DAC51C4A2BC62B21000ED79D /* PaletteStoreManager.swift in Sources */ = {isa = PBXBuildFile; fileRef = DAC51C492BC62B21000ED79D /* PaletteStoreManager.swift */; };
		DAC879162BCE12BE003F7C79 /* PhotoLibrary.swift in Sources */ = {isa = PBXBuildFile; fileRef = DAC879152BCE12BE003F7C79 /* PhotoLibrary.swift */; };
		DAE020AA2B8F6B0700228645 /* EmojiArtApp.swift in Sources */ = {isa = PBXBuildFile; fileRef = DAE020A92B8F6B0700228645 /* EmojiArtApp.swift */; };
		DAE020AC2B8F6B0700228645 /* EmojiArtDocumentView.swift in Sources */ = {isa = PBXBuildFile; fileRef = DAE020AB2B8F6B0700228645 /* EmojiArtDocumentView.swift */; };
		DAE020AE2B8F6B0800228645 /* Assets.xcassets in Resources */ = {isa = PBXBuildFile; fileRef = DAE020AD2B8F6B0800228645 /* Assets.xcassets */; };
		DAE020B12B8F6B0800228645 /* Preview Assets.xcassets in Resources */ = {isa = PBXBuildFile; fileRef = DAE020B02B8F6B0800228645 /* Preview Assets.xcassets */; };
		DAE020B82B8F6CD000228645 /* EmojiArtDocument.swift in Sources */ = {isa = PBXBuildFile; fileRef = DAE020B72B8F6CD000228645 /* EmojiArtDocument.swift */; };
/* End PBXBuildFile section */

/* Begin PBXFileReference section */
		DA056D092BCA0BF900EBE5C2 /* Info.plist */ = {isa = PBXFileReference; lastKnownFileType = text.plist; path = Info.plist; sourceTree = "<group>"; };
		DA056D0A2BCD2FBC00EBE5C2 /* PaletteStoreStore.swift */ = {isa = PBXFileReference; lastKnownFileType = sourcecode.swift; name = PaletteStoreStore.swift; path = ../PaletteStoreStore.swift; sourceTree = "<group>"; };
		DA056D282BCD664D00EBE5C2 /* EmojiArt.entitlements */ = {isa = PBXFileReference; lastKnownFileType = text.plist.entitlements; name = EmojiArt.entitlements; path = ../../../../../../.Trash/EmojiArt.entitlements; sourceTree = "<group>"; };
		DA056D292BCD665300EBE5C2 /* EmojiArt.entitlements */ = {isa = PBXFileReference; lastKnownFileType = text.plist.entitlements; path = EmojiArt.entitlements; sourceTree = "<group>"; };
		DA0AA0D92BA9C62E00C03F91 /* EmojiArt.swift */ = {isa = PBXFileReference; lastKnownFileType = sourcecode.swift; path = EmojiArt.swift; sourceTree = "<group>"; };
		DA98A0712BC55A6B00CF00BB /* PaletteEditor.swift */ = {isa = PBXFileReference; lastKnownFileType = sourcecode.swift; path = PaletteEditor.swift; sourceTree = "<group>"; };
		DA9B99872BAA6F140081F1DC /* Extension.swift */ = {isa = PBXFileReference; lastKnownFileType = sourcecode.swift; path = Extension.swift; sourceTree = "<group>"; };
		DA9B99892BAB15CF0081F1DC /* Palette.swift */ = {isa = PBXFileReference; lastKnownFileType = sourcecode.swift; path = Palette.swift; sourceTree = "<group>"; };
		DA9B998B2BAB16650081F1DC /* PaletteStore.swift */ = {isa = PBXFileReference; lastKnownFileType = sourcecode.swift; path = PaletteStore.swift; sourceTree = "<group>"; };
		DA9B998D2BAB173A0081F1DC /* PaletteChooser.swift */ = {isa = PBXFileReference; lastKnownFileType = sourcecode.swift; path = PaletteChooser.swift; sourceTree = "<group>"; };
		DAC51C472BC61FD5000ED79D /* PaletteList.swift */ = {isa = PBXFileReference; lastKnownFileType = sourcecode.swift; path = PaletteList.swift; sourceTree = "<group>"; };
		DAC51C492BC62B21000ED79D /* PaletteStoreManager.swift */ = {isa = PBXFileReference; lastKnownFileType = sourcecode.swift; path = PaletteStoreManager.swift; sourceTree = "<group>"; };
		DAC879152BCE12BE003F7C79 /* PhotoLibrary.swift */ = {isa = PBXFileReference; lastKnownFileType = sourcecode.swift; path = PhotoLibrary.swift; sourceTree = "<group>"; };
		DAE020A62B8F6B0700228645 /* EmojiArt.app */ = {isa = PBXFileReference; explicitFileType = wrapper.application; includeInIndex = 0; path = EmojiArt.app; sourceTree = BUILT_PRODUCTS_DIR; };
		DAE020A92B8F6B0700228645 /* EmojiArtApp.swift */ = {isa = PBXFileReference; lastKnownFileType = sourcecode.swift; path = EmojiArtApp.swift; sourceTree = "<group>"; };
		DAE020AB2B8F6B0700228645 /* EmojiArtDocumentView.swift */ = {isa = PBXFileReference; lastKnownFileType = sourcecode.swift; path = EmojiArtDocumentView.swift; sourceTree = "<group>"; };
		DAE020AD2B8F6B0800228645 /* Assets.xcassets */ = {isa = PBXFileReference; lastKnownFileType = folder.assetcatalog; path = Assets.xcassets; sourceTree = "<group>"; };
		DAE020B02B8F6B0800228645 /* Preview Assets.xcassets */ = {isa = PBXFileReference; lastKnownFileType = folder.assetcatalog; path = "Preview Assets.xcassets"; sourceTree = "<group>"; };
		DAE020B72B8F6CD000228645 /* EmojiArtDocument.swift */ = {isa = PBXFileReference; lastKnownFileType = sourcecode.swift; path = EmojiArtDocument.swift; sourceTree = "<group>"; };
/* End PBXFileReference section */

/* Begin PBXFrameworksBuildPhase section */
		DAE020A32B8F6B0700228645 /* Frameworks */ = {
			isa = PBXFrameworksBuildPhase;
			buildActionMask = 2147483647;
			files = (
			);
			runOnlyForDeploymentPostprocessing = 0;
		};
/* End PBXFrameworksBuildPhase section */

/* Begin PBXGroup section */
		DAE0209D2B8F6B0700228645 = {
			isa = PBXGroup;
			children = (
				DAE020A82B8F6B0700228645 /* EmojiArt */,
				DAE020A72B8F6B0700228645 /* Products */,
			);
			sourceTree = "<group>";
		};
		DAE020A72B8F6B0700228645 /* Products */ = {
			isa = PBXGroup;
			children = (
				DAE020A62B8F6B0700228645 /* EmojiArt.app */,
			);
			name = Products;
			sourceTree = "<group>";
		};
		DAE020A82B8F6B0700228645 /* EmojiArt */ = {
			isa = PBXGroup;
			children = (
				DA056D292BCD665300EBE5C2 /* EmojiArt.entitlements */,
				DA056D092BCA0BF900EBE5C2 /* Info.plist */,
				DAE020A92B8F6B0700228645 /* EmojiArtApp.swift */,
				DA0AA0D92BA9C62E00C03F91 /* EmojiArt.swift */,
				DAE020B72B8F6CD000228645 /* EmojiArtDocument.swift */,
				DAE020AB2B8F6B0700228645 /* EmojiArtDocumentView.swift */,
				DA9B99892BAB15CF0081F1DC /* Palette.swift */,
				DA9B998B2BAB16650081F1DC /* PaletteStore.swift */,
				DA056D0A2BCD2FBC00EBE5C2 /* PaletteStoreStore.swift */,
				DA9B998D2BAB173A0081F1DC /* PaletteChooser.swift */,
				DA98A0712BC55A6B00CF00BB /* PaletteEditor.swift */,
				DAC51C472BC61FD5000ED79D /* PaletteList.swift */,
				DAC879152BCE12BE003F7C79 /* PhotoLibrary.swift */,
				DAC51C492BC62B21000ED79D /* PaletteStoreManager.swift */,
				DA9B99872BAA6F140081F1DC /* Extension.swift */,
				DAE020AD2B8F6B0800228645 /* Assets.xcassets */,
				DAE020AF2B8F6B0800228645 /* Preview Content */,
			);
			path = EmojiArt;
			sourceTree = "<group>";
		};
		DAE020AF2B8F6B0800228645 /* Preview Content */ = {
			isa = PBXGroup;
			children = (
				DA056D282BCD664D00EBE5C2 /* EmojiArt.entitlements */,
				DAE020B02B8F6B0800228645 /* Preview Assets.xcassets */,
			);
			path = "Preview Content";
			sourceTree = "<group>";
		};
/* End PBXGroup section */

/* Begin PBXNativeTarget section */
		DAE020A52B8F6B0700228645 /* EmojiArt */ = {
			isa = PBXNativeTarget;
			buildConfigurationList = DAE020B42B8F6B0800228645 /* Build configuration list for PBXNativeTarget "EmojiArt" */;
			buildPhases = (
				DAE020A22B8F6B0700228645 /* Sources */,
				DAE020A32B8F6B0700228645 /* Frameworks */,
				DAE020A42B8F6B0700228645 /* Resources */,
			);
			buildRules = (
			);
			dependencies = (
			);
			name = EmojiArt;
			packageProductDependencies = (
			);
			productName = EmojiArt;
			productReference = DAE020A62B8F6B0700228645 /* EmojiArt.app */;
			productType = "com.apple.product-type.application";
		};
/* End PBXNativeTarget section */

/* Begin PBXProject section */
		DAE0209E2B8F6B0700228645 /* Project object */ = {
			isa = PBXProject;
			attributes = {
				BuildIndependentTargetsInParallel = 1;
				LastSwiftUpdateCheck = 1520;
				LastUpgradeCheck = 1520;
				TargetAttributes = {
					DAE020A52B8F6B0700228645 = {
						CreatedOnToolsVersion = 15.2;
					};
				};
			};
			buildConfigurationList = DAE020A12B8F6B0700228645 /* Build configuration list for PBXProject "EmojiArt" */;
			compatibilityVersion = "Xcode 14.0";
			developmentRegion = en;
			hasScannedForEncodings = 0;
			knownRegions = (
				en,
				Base,
			);
			mainGroup = DAE0209D2B8F6B0700228645;
			packageReferences = (
			);
			productRefGroup = DAE020A72B8F6B0700228645 /* Products */;
			projectDirPath = "";
			projectRoot = "";
			targets = (
				DAE020A52B8F6B0700228645 /* EmojiArt */,
			);
		};
/* End PBXProject section */

/* Begin PBXResourcesBuildPhase section */
		DAE020A42B8F6B0700228645 /* Resources */ = {
			isa = PBXResourcesBuildPhase;
			buildActionMask = 2147483647;
			files = (
				DAE020B12B8F6B0800228645 /* Preview Assets.xcassets in Resources */,
				DAE020AE2B8F6B0800228645 /* Assets.xcassets in Resources */,
			);
			runOnlyForDeploymentPostprocessing = 0;
		};
/* End PBXResourcesBuildPhase section */

/* Begin PBXSourcesBuildPhase section */
		DAE020A22B8F6B0700228645 /* Sources */ = {
			isa = PBXSourcesBuildPhase;
			buildActionMask = 2147483647;
			files = (
				DAC51C4A2BC62B21000ED79D /* PaletteStoreManager.swift in Sources */,
				DAC879162BCE12BE003F7C79 /* PhotoLibrary.swift in Sources */,
				DA9B99882BAA6F140081F1DC /* Extension.swift in Sources */,
				DA9B998E2BAB173A0081F1DC /* PaletteChooser.swift in Sources */,
				DA0AA0DA2BA9C62E00C03F91 /* EmojiArt.swift in Sources */,
				DAE020AC2B8F6B0700228645 /* EmojiArtDocumentView.swift in Sources */,
				DA9B998A2BAB15CF0081F1DC /* Palette.swift in Sources */,
				DAE020B82B8F6CD000228645 /* EmojiArtDocument.swift in Sources */,
				DA056D0B2BCD2FBC00EBE5C2 /* PaletteStoreStore.swift in Sources */,
				DAE020AA2B8F6B0700228645 /* EmojiArtApp.swift in Sources */,
				DA9B998C2BAB16650081F1DC /* PaletteStore.swift in Sources */,
				DA98A0722BC55A6B00CF00BB /* PaletteEditor.swift in Sources */,
				DAC51C482BC61FD5000ED79D /* PaletteList.swift in Sources */,
			);
			runOnlyForDeploymentPostprocessing = 0;
		};
/* End PBXSourcesBuildPhase section */

/* Begin XCBuildConfiguration section */
		DAE020B22B8F6B0800228645 /* Debug */ = {
			isa = XCBuildConfiguration;
			buildSettings = {
				ALWAYS_SEARCH_USER_PATHS = NO;
				ASSETCATALOG_COMPILER_GENERATE_SWIFT_ASSET_SYMBOL_EXTENSIONS = YES;
				CLANG_ANALYZER_NONNULL = YES;
				CLANG_ANALYZER_NUMBER_OBJECT_CONVERSION = YES_AGGRESSIVE;
				CLANG_CXX_LANGUAGE_STANDARD = "gnu++20";
				CLANG_ENABLE_MODULES = YES;
				CLANG_ENABLE_OBJC_ARC = YES;
				CLANG_ENABLE_OBJC_WEAK = YES;
				CLANG_WARN_BLOCK_CAPTURE_AUTORELEASING = YES;
				CLANG_WARN_BOOL_CONVERSION = YES;
				CLANG_WARN_COMMA = YES;
				CLANG_WARN_CONSTANT_CONVERSION = YES;
				CLANG_WARN_DEPRECATED_OBJC_IMPLEMENTATIONS = YES;
				CLANG_WARN_DIRECT_OBJC_ISA_USAGE = YES_ERROR;
				CLANG_WARN_DOCUMENTATION_COMMENTS = YES;
				CLANG_WARN_EMPTY_BODY = YES;
				CLANG_WARN_ENUM_CONVERSION = YES;
				CLANG_WARN_INFINITE_RECURSION = YES;
				CLANG_WARN_INT_CONVERSION = YES;
				CLANG_WARN_NON_LITERAL_NULL_CONVERSION = YES;
				CLANG_WARN_OBJC_IMPLICIT_RETAIN_SELF = YES;
				CLANG_WARN_OBJC_LITERAL_CONVERSION = YES;
				CLANG_WARN_OBJC_ROOT_CLASS = YES_ERROR;
				CLANG_WARN_QUOTED_INCLUDE_IN_FRAMEWORK_HEADER = YES;
				CLANG_WARN_RANGE_LOOP_ANALYSIS = YES;
				CLANG_WARN_STRICT_PROTOTYPES = YES;
				CLANG_WARN_SUSPICIOUS_MOVE = YES;
				CLANG_WARN_UNGUARDED_AVAILABILITY = YES_AGGRESSIVE;
				CLANG_WARN_UNREACHABLE_CODE = YES;
				CLANG_WARN__DUPLICATE_METHOD_MATCH = YES;
				COPY_PHASE_STRIP = NO;
				DEBUG_INFORMATION_FORMAT = dwarf;
				ENABLE_STRICT_OBJC_MSGSEND = YES;
				ENABLE_TESTABILITY = YES;
				ENABLE_USER_SCRIPT_SANDBOXING = YES;
				GCC_C_LANGUAGE_STANDARD = gnu17;
				GCC_DYNAMIC_NO_PIC = NO;
				GCC_NO_COMMON_BLOCKS = YES;
				GCC_OPTIMIZATION_LEVEL = 0;
				GCC_PREPROCESSOR_DEFINITIONS = (
					"DEBUG=1",
					"$(inherited)",
				);
				GCC_WARN_64_TO_32_BIT_CONVERSION = YES;
				GCC_WARN_ABOUT_RETURN_TYPE = YES_ERROR;
				GCC_WARN_UNDECLARED_SELECTOR = YES;
				GCC_WARN_UNINITIALIZED_AUTOS = YES_AGGRESSIVE;
				GCC_WARN_UNUSED_FUNCTION = YES;
				GCC_WARN_UNUSED_VARIABLE = YES;
				IPHONEOS_DEPLOYMENT_TARGET = 17.2;
				LOCALIZATION_PREFERS_STRING_CATALOGS = YES;
				MTL_ENABLE_DEBUG_INFO = INCLUDE_SOURCE;
				MTL_FAST_MATH = YES;
				ONLY_ACTIVE_ARCH = YES;
				SDKROOT = iphoneos;
				SWIFT_ACTIVE_COMPILATION_CONDITIONS = "DEBUG $(inherited)";
				SWIFT_OPTIMIZATION_LEVEL = "-Onone";
			};
			name = Debug;
		};
		DAE020B32B8F6B0800228645 /* Release */ = {
			isa = XCBuildConfiguration;
			buildSettings = {
				ALWAYS_SEARCH_USER_PATHS = NO;
				ASSETCATALOG_COMPILER_GENERATE_SWIFT_ASSET_SYMBOL_EXTENSIONS = YES;
				CLANG_ANALYZER_NONNULL = YES;
				CLANG_ANALYZER_NUMBER_OBJECT_CONVERSION = YES_AGGRESSIVE;
				CLANG_CXX_LANGUAGE_STANDARD = "gnu++20";
				CLANG_ENABLE_MODULES = YES;
				CLANG_ENABLE_OBJC_ARC = YES;
				CLANG_ENABLE_OBJC_WEAK = YES;
				CLANG_WARN_BLOCK_CAPTURE_AUTORELEASING = YES;
				CLANG_WARN_BOOL_CONVERSION = YES;
				CLANG_WARN_COMMA = YES;
				CLANG_WARN_CONSTANT_CONVERSION = YES;
				CLANG_WARN_DEPRECATED_OBJC_IMPLEMENTATIONS = YES;
				CLANG_WARN_DIRECT_OBJC_ISA_USAGE = YES_ERROR;
				CLANG_WARN_DOCUMENTATION_COMMENTS = YES;
				CLANG_WARN_EMPTY_BODY = YES;
				CLANG_WARN_ENUM_CONVERSION = YES;
				CLANG_WARN_INFINITE_RECURSION = YES;
				CLANG_WARN_INT_CONVERSION = YES;
				CLANG_WARN_NON_LITERAL_NULL_CONVERSION = YES;
				CLANG_WARN_OBJC_IMPLICIT_RETAIN_SELF = YES;
				CLANG_WARN_OBJC_LITERAL_CONVERSION = YES;
				CLANG_WARN_OBJC_ROOT_CLASS = YES_ERROR;
				CLANG_WARN_QUOTED_INCLUDE_IN_FRAMEWORK_HEADER = YES;
				CLANG_WARN_RANGE_LOOP_ANALYSIS = YES;
				CLANG_WARN_STRICT_PROTOTYPES = YES;
				CLANG_WARN_SUSPICIOUS_MOVE = YES;
				CLANG_WARN_UNGUARDED_AVAILABILITY = YES_AGGRESSIVE;
				CLANG_WARN_UNREACHABLE_CODE = YES;
				CLANG_WARN__DUPLICATE_METHOD_MATCH = YES;
				COPY_PHASE_STRIP = NO;
				DEBUG_INFORMATION_FORMAT = "dwarf-with-dsym";
				ENABLE_NS_ASSERTIONS = NO;
				ENABLE_STRICT_OBJC_MSGSEND = YES;
				ENABLE_USER_SCRIPT_SANDBOXING = YES;
				GCC_C_LANGUAGE_STANDARD = gnu17;
				GCC_NO_COMMON_BLOCKS = YES;
				GCC_WARN_64_TO_32_BIT_CONVERSION = YES;
				GCC_WARN_ABOUT_RETURN_TYPE = YES_ERROR;
				GCC_WARN_UNDECLARED_SELECTOR = YES;
				GCC_WARN_UNINITIALIZED_AUTOS = YES_AGGRESSIVE;
				GCC_WARN_UNUSED_FUNCTION = YES;
				GCC_WARN_UNUSED_VARIABLE = YES;
				IPHONEOS_DEPLOYMENT_TARGET = 17.2;
				LOCALIZATION_PREFERS_STRING_CATALOGS = YES;
				MTL_ENABLE_DEBUG_INFO = NO;
				MTL_FAST_MATH = YES;
				SDKROOT = iphoneos;
				SWIFT_COMPILATION_MODE = wholemodule;
				VALIDATE_PRODUCT = YES;
			};
			name = Release;
		};
		DAE020B52B8F6B0800228645 /* Debug */ = {
			isa = XCBuildConfiguration;
			buildSettings = {
				ASSETCATALOG_COMPILER_APPICON_NAME = AppIcon;
				ASSETCATALOG_COMPILER_GLOBAL_ACCENT_COLOR_NAME = AccentColor;
				CODE_SIGN_ENTITLEMENTS = EmojiArt/EmojiArt.entitlements;
				CODE_SIGN_STYLE = Automatic;
				CURRENT_PROJECT_VERSION = 1;
				DEVELOPMENT_ASSET_PATHS = "\"EmojiArt/Preview Content\"";
				DEVELOPMENT_TEAM = 2K9Z4G5BG3;
				ENABLE_PREVIEWS = YES;
				GENERATE_INFOPLIST_FILE = YES;
				INFOPLIST_FILE = EmojiArt/Info.plist;
				INFOPLIST_KEY_UIApplicationSceneManifest_Generation = YES;
				INFOPLIST_KEY_UIApplicationSupportsIndirectInputEvents = YES;
				INFOPLIST_KEY_UILaunchScreen_Generation = YES;
				INFOPLIST_KEY_UISupportedInterfaceOrientations_iPad = "UIInterfaceOrientationPortrait UIInterfaceOrientationPortraitUpsideDown UIInterfaceOrientationLandscapeLeft UIInterfaceOrientationLandscapeRight";
				INFOPLIST_KEY_UISupportedInterfaceOrientations_iPhone = "UIInterfaceOrientationPortrait UIInterfaceOrientationLandscapeLeft UIInterfaceOrientationLandscapeRight";
				INFOPLIST_KEY_UISupportsDocumentBrowser = YES;
				LD_RUNPATH_SEARCH_PATHS = (
					"$(inherited)",
					"@executable_path/Frameworks",
				);
				MARKETING_VERSION = 1.0;
				PRODUCT_BUNDLE_IDENTIFIER = Gachikoi.EmojiArt;
				PRODUCT_NAME = "$(TARGET_NAME)";
				SUPPORTED_PLATFORMS = "iphoneos iphonesimulator";
				SUPPORTS_MACCATALYST = NO;
				SUPPORTS_MAC_DESIGNED_FOR_IPHONE_IPAD = NO;
				SWIFT_EMIT_LOC_STRINGS = YES;
				SWIFT_VERSION = 5.0;
				TARGETED_DEVICE_FAMILY = "1,2";
			};
			name = Debug;
		};
		DAE020B62B8F6B0800228645 /* Release */ = {
			isa = XCBuildConfiguration;
			buildSettings = {
				ASSETCATALOG_COMPILER_APPICON_NAME = AppIcon;
				ASSETCATALOG_COMPILER_GLOBAL_ACCENT_COLOR_NAME = AccentColor;
				CODE_SIGN_ENTITLEMENTS = EmojiArt/EmojiArt.entitlements;
				CODE_SIGN_STYLE = Automatic;
				CURRENT_PROJECT_VERSION = 1;
				DEVELOPMENT_ASSET_PATHS = "\"EmojiArt/Preview Content\"";
				DEVELOPMENT_TEAM = 2K9Z4G5BG3;
				ENABLE_PREVIEWS = YES;
				GENERATE_INFOPLIST_FILE = YES;
				INFOPLIST_FILE = EmojiArt/Info.plist;
				INFOPLIST_KEY_UIApplicationSceneManifest_Generation = YES;
				INFOPLIST_KEY_UIApplicationSupportsIndirectInputEvents = YES;
				INFOPLIST_KEY_UILaunchScreen_Generation = YES;
				INFOPLIST_KEY_UISupportedInterfaceOrientations_iPad = "UIInterfaceOrientationPortrait UIInterfaceOrientationPortraitUpsideDown UIInterfaceOrientationLandscapeLeft UIInterfaceOrientationLandscapeRight";
				INFOPLIST_KEY_UISupportedInterfaceOrientations_iPhone = "UIInterfaceOrientationPortrait UIInterfaceOrientationLandscapeLeft UIInterfaceOrientationLandscapeRight";
				INFOPLIST_KEY_UISupportsDocumentBrowser = YES;
				LD_RUNPATH_SEARCH_PATHS = (
					"$(inherited)",
					"@executable_path/Frameworks",
				);
				MARKETING_VERSION = 1.0;
				PRODUCT_BUNDLE_IDENTIFIER = Gachikoi.EmojiArt;
				PRODUCT_NAME = "$(TARGET_NAME)";
				SUPPORTED_PLATFORMS = "iphoneos iphonesimulator";
				SUPPORTS_MACCATALYST = NO;
				SUPPORTS_MAC_DESIGNED_FOR_IPHONE_IPAD = NO;
				SWIFT_EMIT_LOC_STRINGS = YES;
				SWIFT_VERSION = 5.0;
				TARGETED_DEVICE_FAMILY = "1,2";
			};
			name = Release;
		};
/* End XCBuildConfiguration section */

/* Begin XCConfigurationList section */
		DAE020A12B8F6B0700228645 /* Build configuration list for PBXProject "EmojiArt" */ = {
			isa = XCConfigurationList;
			buildConfigurations = (
				DAE020B22B8F6B0800228645 /* Debug */,
				DAE020B32B8F6B0800228645 /* Release */,
			);
			defaultConfigurationIsVisible = 0;
			defaultConfigurationName = Release;
		};
		DAE020B42B8F6B0800228645 /* Build configuration list for PBXNativeTarget "EmojiArt" */ = {
			isa = XCConfigurationList;
			buildConfigurations = (
				DAE020B52B8F6B0800228645 /* Debug */,
				DAE020B62B8F6B0800228645 /* Release */,
			);
			defaultConfigurationIsVisible = 0;
			defaultConfigurationName = Release;
		};
/* End XCConfigurationList section */
	};
	rootObject = DAE0209E2B8F6B0700228645 /* Project object */;
}
